
Microsoft Visual Studio Solution File, Format Version 12.00
# Visual Studio 14
VisualStudioVersion = 14.0.24720.0
MinimumVisualStudioVersion = 10.0.40219.1
Project("{FAE04EC0-301F-11D3-BF4B-00C04F79EFBC}") = "AdminFront", "AdminFront\AdminFront.csproj", "{84EB8FFA-AD19-4AE9-8E52-4A2BC200F872}"
EndProject
Project("{FAE04EC0-301F-11D3-BF4B-00C04F79EFBC}") = "Getticket.Web.API", "..\Getticket.Web.API\Getticket.Web.API.csproj", "{64AADBE7-08F0-469B-98F7-FB207466488A}"
EndProject
Project("{FAE04EC0-301F-11D3-BF4B-00C04F79EFBC}") = "Getticket.Web.DAL", "..\Getticket.Web.DAL\Getticket.Web.DAL.csproj", "{FDD79A9E-2AAF-405E-B418-1F1FDBF14BEA}"
EndProject
Global
	GlobalSection(SolutionConfigurationPlatforms) = preSolution
		Debug|Any CPU = Debug|Any CPU
		Release|Any CPU = Release|Any CPU
	EndGlobalSection
	GlobalSection(ProjectConfigurationPlatforms) = postSolution
		{84EB8FFA-AD19-4AE9-8E52-4A2BC200F872}.Debug|Any CPU.ActiveCfg = Debug|Any CPU
		{84EB8FFA-AD19-4AE9-8E52-4A2BC200F872}.Debug|Any CPU.Build.0 = Debug|Any CPU
		{84EB8FFA-AD19-4AE9-8E52-4A2BC200F872}.Release|Any CPU.ActiveCfg = Release|Any CPU
		{84EB8FFA-AD19-4AE9-8E52-4A2BC200F872}.Release|Any CPU.Build.0 = Release|Any CPU
		{64AADBE7-08F0-469B-98F7-FB207466488A}.Debug|Any CPU.ActiveCfg = Debug|Any CPU
		{64AADBE7-08F0-469B-98F7-FB207466488A}.Debug|Any CPU.Build.0 = Debug|Any CPU
		{64AADBE7-08F0-469B-98F7-FB207466488A}.Release|Any CPU.ActiveCfg = Release|Any CPU
		{64AADBE7-08F0-469B-98F7-FB207466488A}.Release|Any CPU.Build.0 = Release|Any CPU
		{FDD79A9E-2AAF-405E-B418-1F1FDBF14BEA}.Debug|Any CPU.ActiveCfg = Debug|Any CPU
		{FDD79A9E-2AAF-405E-B418-1F1FDBF14BEA}.Debug|Any CPU.Build.0 = Debug|Any CPU
		{FDD79A9E-2AAF-405E-B418-1F1FDBF14BEA}.Release|Any CPU.ActiveCfg = Release|Any CPU
		{FDD79A9E-2AAF-405E-B418-1F1FDBF14BEA}.Release|Any CPU.Build.0 = Release|Any CPU
	EndGlobalSection
	GlobalSection(SolutionProperties) = preSolution
		HideSolutionNode = FALSE
	EndGlobalSection
EndGlobal
